{
  "object": {
    "pins": [
      {
        "package": "Turbo",
        "repositoryURL": "https://github.com/hotwired/turbo-ios",
        "state": {
          "branch": null,
          "revision": "2ace9ebe01fe3bce3e7e8df38cb82df052493663",
          "version": "7.0.0-rc.7"
        }
      }
    ]
  },
  "version": 1
}
