{
  "object": {
    "pins": [
      {
        "package": "Turbo",
        "repositoryURL": "https://github.com/hotwired/turbo-ios",
        "state": {
          "branch": null,
          "revision": "325c8c779693a9404047a6dce9fb9ff3fe0111e9",
          "version": "7.0.0-beta.1"
        }
      }
    ]
  },
  "version": 1
}
